
Microsoft Visual Studio Solution File, Format Version 12.00
# Visual Studio Version 17
VisualStudioVersion = 17.1.32328.378
MinimumVisualStudioVersion = 10.0.40219.1
Project("{FAE04EC0-301F-11D3-BF4B-00C04F79EFBC}") = "Student_OOP", "Student_OOP\Student_OOP.csproj", "{EB86CE72-9C38-4108-BF9A-978D544AC617}"
EndProject
Global
	GlobalSection(SolutionConfigurationPlatforms) = preSolution
		Debug|Any CPU = Debug|Any CPU
		Release|Any CPU = Release|Any CPU
	EndGlobalSection
	GlobalSection(ProjectConfigurationPlatforms) = postSolution
		{EB86CE72-9C38-4108-BF9A-978D544AC617}.Debug|Any CPU.ActiveCfg = Debug|Any CPU
		{EB86CE72-9C38-4108-BF9A-978D544AC617}.Debug|Any CPU.Build.0 = Debug|Any CPU
		{EB86CE72-9C38-4108-BF9A-978D544AC617}.Release|Any CPU.ActiveCfg = Release|Any CPU
		{EB86CE72-9C38-4108-BF9A-978D544AC617}.Release|Any CPU.Build.0 = Release|Any CPU
	EndGlobalSection
	GlobalSection(SolutionProperties) = preSolution
		HideSolutionNode = FALSE
	EndGlobalSection
	GlobalSection(ExtensibilityGlobals) = postSolution
		SolutionGuid = {29D91A83-4EB5-41C7-8711-443E30000C75}
	EndGlobalSection
EndGlobal
